// !$*UTF8*$!
{
	archiveVersion = 1;
	classes = {
	};
	objectVersion = 70;
	objects = {

/* Begin PBXBuildFile section */
		9332C0D5273F1CC2003AF377 /* Model.swift in Sources */ = {isa = PBXBuildFile; fileRef = 9332C0D4273F1CC2003AF377 /* Model.swift */; };
		9332C0D7273F1DA6003AF377 /* PokemonService.swift in Sources */ = {isa = PBXBuildFile; fileRef = 9332C0D6273F1DA6003AF377 /* PokemonService.swift */; };
		9332C0D9273F1F58003AF377 /* NetworkAgent.swift in Sources */ = {isa = PBXBuildFile; fileRef = 9332C0D8273F1F58003AF377 /* NetworkAgent.swift */; };
		9332C0DB273F206E003AF377 /* Publisher.swift in Sources */ = {isa = PBXBuildFile; fileRef = 9332C0DA273F206E003AF377 /* Publisher.swift */; };
		9332C0E0273F2A36003AF377 /* Color.swift in Sources */ = {isa = PBXBuildFile; fileRef = 9332C0DF273F2A36003AF377 /* Color.swift */; };
		9332C0E3273F3149003AF377 /* Data.swift in Sources */ = {isa = PBXBuildFile; fileRef = 9332C0E2273F3149003AF377 /* Data.swift */; };
		9332C0E5273F3171003AF377 /* API.swift in Sources */ = {isa = PBXBuildFile; fileRef = 9332C0E4273F3171003AF377 /* API.swift */; };
		9332C0E8273F3219003AF377 /* ImageLoader.swift in Sources */ = {isa = PBXBuildFile; fileRef = 9332C0E7273F3219003AF377 /* ImageLoader.swift */; };
		9332C0EA273F51E1003AF377 /* AsyncGridItem.swift in Sources */ = {isa = PBXBuildFile; fileRef = 9332C0E9273F51E1003AF377 /* AsyncGridItem.swift */; };
		9332C0F2273F5454003AF377 /* UIImageColors.swift in Sources */ = {isa = PBXBuildFile; fileRef = 9332C0F1273F5454003AF377 /* UIImageColors.swift */; };
		9396D23A273EBBED00AF0C94 /* SwiftUIPokedexApp.swift in Sources */ = {isa = PBXBuildFile; fileRef = 9396D239273EBBED00AF0C94 /* SwiftUIPokedexApp.swift */; };
		9396D23E273EBBEE00AF0C94 /* Assets.xcassets in Resources */ = {isa = PBXBuildFile; fileRef = 9396D23D273EBBEE00AF0C94 /* Assets.xcassets */; };
		9396D241273EBBEE00AF0C94 /* Preview Assets.xcassets in Resources */ = {isa = PBXBuildFile; fileRef = 9396D240273EBBEE00AF0C94 /* Preview Assets.xcassets */; };
		93F7F578274009B2002CEBB5 /* DetailView.swift in Sources */ = {isa = PBXBuildFile; fileRef = 93F7F577274009B2002CEBB5 /* DetailView.swift */; };
		D54F5AA02E1D851E00411759 /* ScaleButtonStyle.swift in Sources */ = {isa = PBXBuildFile; fileRef = D54F5A9F2E1D851E00411759 /* ScaleButtonStyle.swift */; };
/* End PBXBuildFile section */

/* Begin PBXFileReference section */
		9332C0D4273F1CC2003AF377 /* Model.swift */ = {isa = PBXFileReference; lastKnownFileType = sourcecode.swift; path = Model.swift; sourceTree = "<group>"; };
		9332C0D6273F1DA6003AF377 /* PokemonService.swift */ = {isa = PBXFileReference; lastKnownFileType = sourcecode.swift; path = PokemonService.swift; sourceTree = "<group>"; };
		9332C0D8273F1F58003AF377 /* NetworkAgent.swift */ = {isa = PBXFileReference; lastKnownFileType = sourcecode.swift; path = NetworkAgent.swift; sourceTree = "<group>"; };
		9332C0DA273F206E003AF377 /* Publisher.swift */ = {isa = PBXFileReference; lastKnownFileType = sourcecode.swift; path = Publisher.swift; sourceTree = "<group>"; };
		9332C0DF273F2A36003AF377 /* Color.swift */ = {isa = PBXFileReference; lastKnownFileType = sourcecode.swift; path = Color.swift; sourceTree = "<group>"; };
		9332C0E2273F3149003AF377 /* Data.swift */ = {isa = PBXFileReference; lastKnownFileType = sourcecode.swift; path = Data.swift; sourceTree = "<group>"; };
		9332C0E4273F3171003AF377 /* API.swift */ = {isa = PBXFileReference; lastKnownFileType = sourcecode.swift; path = API.swift; sourceTree = "<group>"; };
		9332C0E7273F3219003AF377 /* ImageLoader.swift */ = {isa = PBXFileReference; lastKnownFileType = sourcecode.swift; path = ImageLoader.swift; sourceTree = "<group>"; };
		9332C0E9273F51E1003AF377 /* AsyncGridItem.swift */ = {isa = PBXFileReference; lastKnownFileType = sourcecode.swift; path = AsyncGridItem.swift; sourceTree = "<group>"; };
		9332C0F1273F5454003AF377 /* UIImageColors.swift */ = {isa = PBXFileReference; fileEncoding = 4; lastKnownFileType = sourcecode.swift; path = UIImageColors.swift; sourceTree = "<group>"; };
		9396D236273EBBED00AF0C94 /* SwiftUIPokedex.app */ = {isa = PBXFileReference; explicitFileType = wrapper.application; includeInIndex = 0; path = SwiftUIPokedex.app; sourceTree = BUILT_PRODUCTS_DIR; };
		9396D239273EBBED00AF0C94 /* SwiftUIPokedexApp.swift */ = {isa = PBXFileReference; lastKnownFileType = sourcecode.swift; path = SwiftUIPokedexApp.swift; sourceTree = "<group>"; };
		9396D23D273EBBEE00AF0C94 /* Assets.xcassets */ = {isa = PBXFileReference; lastKnownFileType = folder.assetcatalog; path = Assets.xcassets; sourceTree = "<group>"; };
		9396D240273EBBEE00AF0C94 /* Preview Assets.xcassets */ = {isa = PBXFileReference; lastKnownFileType = folder.assetcatalog; path = "Preview Assets.xcassets"; sourceTree = "<group>"; };
		93F7F577274009B2002CEBB5 /* DetailView.swift */ = {isa = PBXFileReference; lastKnownFileType = sourcecode.swift; path = DetailView.swift; sourceTree = "<group>"; };
		D54F5A9F2E1D851E00411759 /* ScaleButtonStyle.swift */ = {isa = PBXFileReference; lastKnownFileType = sourcecode.swift; path = ScaleButtonStyle.swift; sourceTree = "<group>"; };
/* End PBXFileReference section */

/* Begin PBXFileSystemSynchronizedRootGroup section */
		D54F5AF32E1DBC7900411759 /* PokedexView */ = {isa = PBXFileSystemSynchronizedRootGroup; explicitFileTypes = {}; explicitFolders = (); path = PokedexView; sourceTree = "<group>"; };
/* End PBXFileSystemSynchronizedRootGroup section */

/* Begin PBXFrameworksBuildPhase section */
		9396D233273EBBED00AF0C94 /* Frameworks */ = {
			isa = PBXFrameworksBuildPhase;
			buildActionMask = 2147483647;
			files = (
			);
			runOnlyForDeploymentPostprocessing = 0;
		};
/* End PBXFrameworksBuildPhase section */

/* Begin PBXGroup section */
		9332C0E1273F2A90003AF377 /* Extensions */ = {
			isa = PBXGroup;
			children = (
				9332C0F1273F5454003AF377 /* UIImageColors.swift */,
				9332C0DA273F206E003AF377 /* Publisher.swift */,
				9332C0DF273F2A36003AF377 /* Color.swift */,
				9332C0E2273F3149003AF377 /* Data.swift */,
			);
			path = Extensions;
			sourceTree = "<group>";
		};
		9332C0E6273F3178003AF377 /* API */ = {
			isa = PBXGroup;
			children = (
				9332C0D8273F1F58003AF377 /* NetworkAgent.swift */,
				9332C0D6273F1DA6003AF377 /* PokemonService.swift */,
				9332C0D4273F1CC2003AF377 /* Model.swift */,
				9332C0E4273F3171003AF377 /* API.swift */,
			);
			path = API;
			sourceTree = "<group>";
		};
		9332C0F3273F6834003AF377 /* Misc */ = {
			isa = PBXGroup;
			children = (
				9332C0E7273F3219003AF377 /* ImageLoader.swift */,
				D54F5A9F2E1D851E00411759 /* ScaleButtonStyle.swift */,
			);
			path = Misc;
			sourceTree = "<group>";
		};
		9396D22D273EBBED00AF0C94 = {
			isa = PBXGroup;
			children = (
				9396D238273EBBED00AF0C94 /* SwiftUIPokedex */,
				9396D237273EBBED00AF0C94 /* Products */,
			);
			sourceTree = "<group>";
		};
		9396D237273EBBED00AF0C94 /* Products */ = {
			isa = PBXGroup;
			children = (
				9396D236273EBBED00AF0C94 /* SwiftUIPokedex.app */,
			);
			name = Products;
			sourceTree = "<group>";
		};
		9396D238273EBBED00AF0C94 /* SwiftUIPokedex */ = {
			isa = PBXGroup;
			children = (
				9396D239273EBBED00AF0C94 /* SwiftUIPokedexApp.swift */,
				D54F5AF32E1DBC7900411759 /* PokedexView */,
				93F7F577274009B2002CEBB5 /* DetailView.swift */,
				9332C0E9273F51E1003AF377 /* AsyncGridItem.swift */,
				9332C0F3273F6834003AF377 /* Misc */,
				9332C0E6273F3178003AF377 /* API */,
				9332C0E1273F2A90003AF377 /* Extensions */,
				9396D23D273EBBEE00AF0C94 /* Assets.xcassets */,
				9396D23F273EBBEE00AF0C94 /* Preview Content */,
			);
			path = SwiftUIPokedex;
			sourceTree = "<group>";
		};
		9396D23F273EBBEE00AF0C94 /* Preview Content */ = {
			isa = PBXGroup;
			children = (
				9396D240273EBBEE00AF0C94 /* Preview Assets.xcassets */,
			);
			path = "Preview Content";
			sourceTree = "<group>";
		};
/* End PBXGroup section */

/* Begin PBXNativeTarget section */
		9396D235273EBBED00AF0C94 /* SwiftUIPokedex */ = {
			isa = PBXNativeTarget;
			buildConfigurationList = 9396D244273EBBEE00AF0C94 /* Build configuration list for PBXNativeTarget "SwiftUIPokedex" */;
			buildPhases = (
				9396D232273EBBED00AF0C94 /* Sources */,
				9396D233273EBBED00AF0C94 /* Frameworks */,
				9396D234273EBBED00AF0C94 /* Resources */,
			);
			buildRules = (
			);
			dependencies = (
			);
			fileSystemSynchronizedGroups = (
				D54F5AF32E1DBC7900411759 /* PokedexView */,
			);
			name = SwiftUIPokedex;
			productName = SwiftUIPokedex;
			productReference = 9396D236273EBBED00AF0C94 /* SwiftUIPokedex.app */;
			productType = "com.apple.product-type.application";
		};
/* End PBXNativeTarget section */

/* Begin PBXProject section */
		9396D22E273EBBED00AF0C94 /* Project object */ = {
			isa = PBXProject;
			attributes = {
				BuildIndependentTargetsInParallel = 1;
				LastSwiftUpdateCheck = 1300;
				LastUpgradeCheck = 2600;
				TargetAttributes = {
					9396D235273EBBED00AF0C94 = {
						CreatedOnToolsVersion = 13.0;
					};
				};
			};
			buildConfigurationList = 9396D231273EBBED00AF0C94 /* Build configuration list for PBXProject "SwiftUIPokedex" */;
			compatibilityVersion = "Xcode 13.0";
			developmentRegion = en;
			hasScannedForEncodings = 0;
			knownRegions = (
				en,
				Base,
			);
			mainGroup = 9396D22D273EBBED00AF0C94;
			packageReferences = (
			);
			productRefGroup = 9396D237273EBBED00AF0C94 /* Products */;
			projectDirPath = "";
			projectRoot = "";
			targets = (
				9396D235273EBBED00AF0C94 /* SwiftUIPokedex */,
			);
		};
/* End PBXProject section */

/* Begin PBXResourcesBuildPhase section */
		9396D234273EBBED00AF0C94 /* Resources */ = {
			isa = PBXResourcesBuildPhase;
			buildActionMask = 2147483647;
			files = (
				9396D241273EBBEE00AF0C94 /* Preview Assets.xcassets in Resources */,
				9396D23E273EBBEE00AF0C94 /* Assets.xcassets in Resources */,
			);
			runOnlyForDeploymentPostprocessing = 0;
		};
/* End PBXResourcesBuildPhase section */

/* Begin PBXSourcesBuildPhase section */
		9396D232273EBBED00AF0C94 /* Sources */ = {
			isa = PBXSourcesBuildPhase;
			buildActionMask = 2147483647;
			files = (
				9332C0D5273F1CC2003AF377 /* Model.swift in Sources */,
				9332C0EA273F51E1003AF377 /* AsyncGridItem.swift in Sources */,
				9332C0DB273F206E003AF377 /* Publisher.swift in Sources */,
				9332C0D9273F1F58003AF377 /* NetworkAgent.swift in Sources */,
				9332C0E5273F3171003AF377 /* API.swift in Sources */,
				9332C0E8273F3219003AF377 /* ImageLoader.swift in Sources */,
				93F7F578274009B2002CEBB5 /* DetailView.swift in Sources */,
				9332C0E0273F2A36003AF377 /* Color.swift in Sources */,
				9332C0D7273F1DA6003AF377 /* PokemonService.swift in Sources */,
				D54F5AA02E1D851E00411759 /* ScaleButtonStyle.swift in Sources */,
				9332C0F2273F5454003AF377 /* UIImageColors.swift in Sources */,
				9332C0E3273F3149003AF377 /* Data.swift in Sources */,
				9396D23A273EBBED00AF0C94 /* SwiftUIPokedexApp.swift in Sources */,
			);
			runOnlyForDeploymentPostprocessing = 0;
		};
/* End PBXSourcesBuildPhase section */

/* Begin XCBuildConfiguration section */
		9396D242273EBBEE00AF0C94 /* Debug */ = {
			isa = XCBuildConfiguration;
			buildSettings = {
				ALWAYS_SEARCH_USER_PATHS = NO;
				CLANG_ANALYZER_NONNULL = YES;
				CLANG_ANALYZER_NUMBER_OBJECT_CONVERSION = YES_AGGRESSIVE;
				CLANG_CXX_LANGUAGE_STANDARD = "gnu++17";
				CLANG_CXX_LIBRARY = "libc++";
				CLANG_ENABLE_MODULES = YES;
				CLANG_ENABLE_OBJC_ARC = YES;
				CLANG_ENABLE_OBJC_WEAK = YES;
				CLANG_WARN_BLOCK_CAPTURE_AUTORELEASING = YES;
				CLANG_WARN_BOOL_CONVERSION = YES;
				CLANG_WARN_COMMA = YES;
				CLANG_WARN_CONSTANT_CONVERSION = YES;
				CLANG_WARN_DEPRECATED_OBJC_IMPLEMENTATIONS = YES;
				CLANG_WARN_DIRECT_OBJC_ISA_USAGE = YES_ERROR;
				CLANG_WARN_DOCUMENTATION_COMMENTS = YES;
				CLANG_WARN_EMPTY_BODY = YES;
				CLANG_WARN_ENUM_CONVERSION = YES;
				CLANG_WARN_INFINITE_RECURSION = YES;
				CLANG_WARN_INT_CONVERSION = YES;
				CLANG_WARN_NON_LITERAL_NULL_CONVERSION = YES;
				CLANG_WARN_OBJC_IMPLICIT_RETAIN_SELF = YES;
				CLANG_WARN_OBJC_LITERAL_CONVERSION = YES;
				CLANG_WARN_OBJC_ROOT_CLASS = YES_ERROR;
				CLANG_WARN_QUOTED_INCLUDE_IN_FRAMEWORK_HEADER = YES;
				CLANG_WARN_RANGE_LOOP_ANALYSIS = YES;
				CLANG_WARN_STRICT_PROTOTYPES = YES;
				CLANG_WARN_SUSPICIOUS_MOVE = YES;
				CLANG_WARN_UNGUARDED_AVAILABILITY = YES_AGGRESSIVE;
				CLANG_WARN_UNREACHABLE_CODE = YES;
				CLANG_WARN__DUPLICATE_METHOD_MATCH = YES;
				COPY_PHASE_STRIP = NO;
				DEBUG_INFORMATION_FORMAT = dwarf;
				DEVELOPMENT_TEAM = V39999UVRP;
				ENABLE_STRICT_OBJC_MSGSEND = YES;
				ENABLE_TESTABILITY = YES;
				ENABLE_USER_SCRIPT_SANDBOXING = YES;
				GCC_C_LANGUAGE_STANDARD = gnu11;
				GCC_DYNAMIC_NO_PIC = NO;
				GCC_NO_COMMON_BLOCKS = YES;
				GCC_OPTIMIZATION_LEVEL = 0;
				GCC_PREPROCESSOR_DEFINITIONS = (
					"DEBUG=1",
					"$(inherited)",
				);
				GCC_WARN_64_TO_32_BIT_CONVERSION = YES;
				GCC_WARN_ABOUT_RETURN_TYPE = YES_ERROR;
				GCC_WARN_UNDECLARED_SELECTOR = YES;
				GCC_WARN_UNINITIALIZED_AUTOS = YES_AGGRESSIVE;
				GCC_WARN_UNUSED_FUNCTION = YES;
				GCC_WARN_UNUSED_VARIABLE = YES;
				IPHONEOS_DEPLOYMENT_TARGET = 15.0;
				MTL_ENABLE_DEBUG_INFO = INCLUDE_SOURCE;
				MTL_FAST_MATH = YES;
				ONLY_ACTIVE_ARCH = YES;
				SDKROOT = iphoneos;
				STRING_CATALOG_GENERATE_SYMBOLS = YES;
				SWIFT_ACTIVE_COMPILATION_CONDITIONS = DEBUG;
				SWIFT_OPTIMIZATION_LEVEL = "-Onone";
			};
			name = Debug;
		};
		9396D243273EBBEE00AF0C94 /* Release */ = {
			isa = XCBuildConfiguration;
			buildSettings = {
				ALWAYS_SEARCH_USER_PATHS = NO;
				CLANG_ANALYZER_NONNULL = YES;
				CLANG_ANALYZER_NUMBER_OBJECT_CONVERSION = YES_AGGRESSIVE;
				CLANG_CXX_LANGUAGE_STANDARD = "gnu++17";
				CLANG_CXX_LIBRARY = "libc++";
				CLANG_ENABLE_MODULES = YES;
				CLANG_ENABLE_OBJC_ARC = YES;
				CLANG_ENABLE_OBJC_WEAK = YES;
				CLANG_WARN_BLOCK_CAPTURE_AUTORELEASING = YES;
				CLANG_WARN_BOOL_CONVERSION = YES;
				CLANG_WARN_COMMA = YES;
				CLANG_WARN_CONSTANT_CONVERSION = YES;
				CLANG_WARN_DEPRECATED_OBJC_IMPLEMENTATIONS = YES;
				CLANG_WARN_DIRECT_OBJC_ISA_USAGE = YES_ERROR;
				CLANG_WARN_DOCUMENTATION_COMMENTS = YES;
				CLANG_WARN_EMPTY_BODY = YES;
				CLANG_WARN_ENUM_CONVERSION = YES;
				CLANG_WARN_INFINITE_RECURSION = YES;
				CLANG_WARN_INT_CONVERSION = YES;
				CLANG_WARN_NON_LITERAL_NULL_CONVERSION = YES;
				CLANG_WARN_OBJC_IMPLICIT_RETAIN_SELF = YES;
				CLANG_WARN_OBJC_LITERAL_CONVERSION = YES;
				CLANG_WARN_OBJC_ROOT_CLASS = YES_ERROR;
				CLANG_WARN_QUOTED_INCLUDE_IN_FRAMEWORK_HEADER = YES;
				CLANG_WARN_RANGE_LOOP_ANALYSIS = YES;
				CLANG_WARN_STRICT_PROTOTYPES = YES;
				CLANG_WARN_SUSPICIOUS_MOVE = YES;
				CLANG_WARN_UNGUARDED_AVAILABILITY = YES_AGGRESSIVE;
				CLANG_WARN_UNREACHABLE_CODE = YES;
				CLANG_WARN__DUPLICATE_METHOD_MATCH = YES;
				COPY_PHASE_STRIP = NO;
				DEBUG_INFORMATION_FORMAT = "dwarf-with-dsym";
				DEVELOPMENT_TEAM = V39999UVRP;
				ENABLE_NS_ASSERTIONS = NO;
				ENABLE_STRICT_OBJC_MSGSEND = YES;
				ENABLE_USER_SCRIPT_SANDBOXING = YES;
				GCC_C_LANGUAGE_STANDARD = gnu11;
				GCC_NO_COMMON_BLOCKS = YES;
				GCC_WARN_64_TO_32_BIT_CONVERSION = YES;
				GCC_WARN_ABOUT_RETURN_TYPE = YES_ERROR;
				GCC_WARN_UNDECLARED_SELECTOR = YES;
				GCC_WARN_UNINITIALIZED_AUTOS = YES_AGGRESSIVE;
				GCC_WARN_UNUSED_FUNCTION = YES;
				GCC_WARN_UNUSED_VARIABLE = YES;
				IPHONEOS_DEPLOYMENT_TARGET = 15.0;
				MTL_ENABLE_DEBUG_INFO = NO;
				MTL_FAST_MATH = YES;
				SDKROOT = iphoneos;
				STRING_CATALOG_GENERATE_SYMBOLS = YES;
				SWIFT_COMPILATION_MODE = wholemodule;
				SWIFT_OPTIMIZATION_LEVEL = "-O";
				VALIDATE_PRODUCT = YES;
			};
			name = Release;
		};
		9396D245273EBBEE00AF0C94 /* Debug */ = {
			isa = XCBuildConfiguration;
			buildSettings = {
				ASSETCATALOG_COMPILER_APPICON_NAME = AppIcon;
				ASSETCATALOG_COMPILER_GLOBAL_ACCENT_COLOR_NAME = AccentColor;
				CODE_SIGN_STYLE = Automatic;
				CURRENT_PROJECT_VERSION = 1;
				DEVELOPMENT_ASSET_PATHS = "\"SwiftUIPokedex/Preview Content\"";
				ENABLE_PREVIEWS = YES;
				GENERATE_INFOPLIST_FILE = YES;
				INFOPLIST_KEY_UIApplicationSceneManifest_Generation = YES;
				INFOPLIST_KEY_UIApplicationSupportsIndirectInputEvents = YES;
				INFOPLIST_KEY_UILaunchScreen_Generation = YES;
				INFOPLIST_KEY_UISupportedInterfaceOrientations = UIInterfaceOrientationPortrait;
				INFOPLIST_KEY_UISupportedInterfaceOrientations_iPad = "UIInterfaceOrientationLandscapeLeft UIInterfaceOrientationLandscapeRight UIInterfaceOrientationPortrait UIInterfaceOrientationPortraitUpsideDown";
				IPHONEOS_DEPLOYMENT_TARGET = 26.0;
				LD_RUNPATH_SEARCH_PATHS = (
					"$(inherited)",
					"@executable_path/Frameworks",
				);
				MARKETING_VERSION = 1.0;
				PRODUCT_BUNDLE_IDENTIFIER = com.viktorgidlof.SwiftUIPokedex;
				PRODUCT_NAME = "$(TARGET_NAME)";
				SWIFT_EMIT_LOC_STRINGS = YES;
				SWIFT_VERSION = 5.0;
				TARGETED_DEVICE_FAMILY = "1,2";
			};
			name = Debug;
		};
		9396D246273EBBEE00AF0C94 /* Release */ = {
			isa = XCBuildConfiguration;
			buildSettings = {
				ASSETCATALOG_COMPILER_APPICON_NAME = AppIcon;
				ASSETCATALOG_COMPILER_GLOBAL_ACCENT_COLOR_NAME = AccentColor;
				CODE_SIGN_STYLE = Automatic;
				CURRENT_PROJECT_VERSION = 1;
				DEVELOPMENT_ASSET_PATHS = "\"SwiftUIPokedex/Preview Content\"";
				ENABLE_PREVIEWS = YES;
				GENERATE_INFOPLIST_FILE = YES;
				INFOPLIST_KEY_UIApplicationSceneManifest_Generation = YES;
				INFOPLIST_KEY_UIApplicationSupportsIndirectInputEvents = YES;
				INFOPLIST_KEY_UILaunchScreen_Generation = YES;
				INFOPLIST_KEY_UISupportedInterfaceOrientations = UIInterfaceOrientationPortrait;
				INFOPLIST_KEY_UISupportedInterfaceOrientations_iPad = "UIInterfaceOrientationLandscapeLeft UIInterfaceOrientationLandscapeRight UIInterfaceOrientationPortrait UIInterfaceOrientationPortraitUpsideDown";
				IPHONEOS_DEPLOYMENT_TARGET = 26.0;
				LD_RUNPATH_SEARCH_PATHS = (
					"$(inherited)",
					"@executable_path/Frameworks",
				);
				MARKETING_VERSION = 1.0;
				PRODUCT_BUNDLE_IDENTIFIER = com.viktorgidlof.SwiftUIPokedex;
				PRODUCT_NAME = "$(TARGET_NAME)";
				SWIFT_EMIT_LOC_STRINGS = YES;
				SWIFT_VERSION = 5.0;
				TARGETED_DEVICE_FAMILY = "1,2";
			};
			name = Release;
		};
/* End XCBuildConfiguration section */

/* Begin XCConfigurationList section */
		9396D231273EBBED00AF0C94 /* Build configuration list for PBXProject "SwiftUIPokedex" */ = {
			isa = XCConfigurationList;
			buildConfigurations = (
				9396D242273EBBEE00AF0C94 /* Debug */,
				9396D243273EBBEE00AF0C94 /* Release */,
			);
			defaultConfigurationIsVisible = 0;
			defaultConfigurationName = Release;
		};
		9396D244273EBBEE00AF0C94 /* Build configuration list for PBXNativeTarget "SwiftUIPokedex" */ = {
			isa = XCConfigurationList;
			buildConfigurations = (
				9396D245273EBBEE00AF0C94 /* Debug */,
				9396D246273EBBEE00AF0C94 /* Release */,
			);
			defaultConfigurationIsVisible = 0;
			defaultConfigurationName = Release;
		};
/* End XCConfigurationList section */
	};
	rootObject = 9396D22E273EBBED00AF0C94 /* Project object */;
}
