{
  "originHash" : "2e883a57b9857b2056fcb77c4fa6f4490a359d292fb138ae72c9710140d2ad42",
  "pins" : [
    {
      "identity" : "networking",
      "kind" : "remoteSourceControl",
      "location" : "https://github.com/brillcp/Networking",
      "state" : {
        "revision" : "f285c36ef4738ef3a16754b6bd125af6f32e9a42",
        "version" : "0.10.1"
      }
    }
  ],
  "version" : 3
}
