{
  "originHash" : "c82393c4cd21ddfe9a03485b390469a74d753f026509db41a05f0a0f393fdf54",
  "pins" : [
    {
      "identity" : "networking",
      "kind" : "remoteSourceControl",
      "location" : "https://github.com/brillcp/Networking",
      "state" : {
        "revision" : "f285c36ef4738ef3a16754b6bd125af6f32e9a42",
        "version" : "0.10.1"
      }
    },
    {
      "identity" : "pokebattlekit",
      "kind" : "remoteSourceControl",
      "location" : "https://github.com/brillcp/pokebattlekit",
      "state" : {
        "revision" : "8cab84fe20b79ff34dd81f3cda2964d912e2eef4",
        "version" : "0.0.7"
      }
    }
  ],
  "version" : 3
}
